<?xml version="1.0" encoding="utf-8"?>
<Project ToolsVersion="4.0" xmlns="http://schemas.microsoft.com/developer/msbuild/2003">
  <ItemGroup>
    <Filter Include="リソース ファイル">
      <UniqueIdentifier>{67DA6AB6-F800-4c08-8B7A-83BB121AAD01}</UniqueIdentifier>
      <Extensions>rc;ico;cur;bmp;dlg;rc2;rct;bin;rgs;gif;jpg;jpeg;jpe;resx;tiff;tif;png;wav;mfcribbon-ms</Extensions>
    </Filter>
    <Filter Include="GUI">
      <UniqueIdentifier>{68b9cc06-f1d1-4ee6-9c3c-957c1d1d50ea}</UniqueIdentifier>
    </Filter>
    <Filter Include="HLSL">
      <UniqueIdentifier>{e832346b-da56-4da6-8daf-3654dfe4b5fc}</UniqueIdentifier>
    </Filter>
  </ItemGroup>
  <ItemGroup>
    <ClCompile Include="GUI\imgui.cpp">
      <Filter>GUI</Filter>
    </ClCompile>
    <ClCompile Include="GUI\imgui_demo.cpp">
      <Filter>GUI</Filter>
    </ClCompile>
    <ClCompile Include="GUI\imgui_draw.cpp">
      <Filter>GUI</Filter>
    </ClCompile>
    <ClCompile Include="GUI\imgui_impl_dx9.cpp">
      <Filter>GUI</Filter>
    </ClCompile>
    <ClCompile Include="Bullet.cpp" />
    <ClCompile Include="Camera.cpp" />
    <ClCompile Include="Collision.cpp" />
    <ClCompile Include="DebugGUI.cpp" />
    <ClCompile Include="Enemy.cpp" />
    <ClCompile Include="Field.cpp" />
    <ClCompile Include="Grid.cpp" />
    <ClCompile Include="input.cpp" />
    <ClCompile Include="LifeBar.cpp" />
    <ClCompile Include="LifeBarBillBoard.cpp" />
    <ClCompile Include="Light.cpp" />
    <ClCompile Include="main.cpp" />
    <ClCompile Include="Manager.cpp" />
    <ClCompile Include="Map.cpp" />
    <ClCompile Include="Material.cpp" />
    <ClCompile Include="MeshEffect.cpp" />
    <ClCompile Include="Mode.cpp" />
    <ClCompile Include="Motion.cpp" />
    <ClCompile Include="Number.cpp" />
    <ClCompile Include="Particle.cpp" />
    <ClCompile Include="Performance.cpp" />
    <ClCompile Include="Player.cpp" />
    <ClCompile Include="Renderer.cpp" />
    <ClCompile Include="Scene.cpp" />
    <ClCompile Include="Scene2D.cpp" />
    <ClCompile Include="Scene2DUV.cpp" />
    <ClCompile Include="Scene3D.cpp" />
    <ClCompile Include="SceneBillBoard.cpp" />
    <ClCompile Include="SceneBillBoardUV.cpp" />
    <ClCompile Include="SceneModel.cpp" />
    <ClCompile Include="ScenePolygon.cpp" />
    <ClCompile Include="SceneShadow.cpp" />
    <ClCompile Include="Sound.cpp" />
    <ClCompile Include="ExplosionBB.cpp" />
  </ItemGroup>
  <ItemGroup>
    <ClInclude Include="GUI\imconfig.h">
      <Filter>GUI</Filter>
    </ClInclude>
    <ClInclude Include="GUI\imgui.h">
      <Filter>GUI</Filter>
    </ClInclude>
    <ClInclude Include="GUI\imgui_impl_dx9.h">
      <Filter>GUI</Filter>
    </ClInclude>
    <ClInclude Include="GUI\imgui_internal.h">
      <Filter>GUI</Filter>
    </ClInclude>
    <ClInclude Include="GUI\stb_rect_pack.h">
      <Filter>GUI</Filter>
    </ClInclude>
    <ClInclude Include="GUI\stb_textedit.h">
      <Filter>GUI</Filter>
    </ClInclude>
    <ClInclude Include="GUI\stb_truetype.h">
      <Filter>GUI</Filter>
    </ClInclude>
    <ClInclude Include="Bullet.h" />
    <ClInclude Include="Camera.h" />
    <ClInclude Include="Collision.h" />
    <ClInclude Include="DebugGUI.h" />
    <ClInclude Include="Enemy.h" />
    <ClInclude Include="Field.h" />
    <ClInclude Include="Grid.h" />
    <ClInclude Include="input.h" />
    <ClInclude Include="LifeBar.h" />
    <ClInclude Include="LifeBarBillBoard.h" />
    <ClInclude Include="Light.h" />
    <ClInclude Include="main.h" />
    <ClInclude Include="Manager.h" />
    <ClInclude Include="Map.h" />
    <ClInclude Include="Material.h" />
    <ClInclude Include="MeshEffect.h" />
    <ClInclude Include="Mode.h" />
    <ClInclude Include="Motion.h" />
    <ClInclude Include="Number.h" />
    <ClInclude Include="Particle.h" />
    <ClInclude Include="Performance.h" />
    <ClInclude Include="Player.h" />
    <ClInclude Include="Renderer.h" />
    <ClInclude Include="Scene.h" />
    <ClInclude Include="Scene2D.h" />
    <ClInclude Include="Scene2DUV.h" />
    <ClInclude Include="Scene3D.h" />
    <ClInclude Include="SceneBillBoard.h" />
    <ClInclude Include="SceneBillBoardUV.h" />
    <ClInclude Include="SceneModel.h" />
    <ClInclude Include="ScenePolygon.h" />
    <ClInclude Include="SceneShadow.h" />
    <ClInclude Include="Sound.h" />
    <ClInclude Include="Types.h" />
    <ClInclude Include="Xorshift.h" />
    <ClInclude Include="ExplosionBB.h" />
  </ItemGroup>
  <ItemGroup>
    <FxCompile Include="HLSL\DirectionalLight.fx">
      <Filter>HLSL</Filter>
    </FxCompile>
  </ItemGroup>
</Project>